
Microsoft Visual Studio Solution File, Format Version 12.00
# Visual Studio Version 17
VisualStudioVersion = 17.8.34316.72
MinimumVisualStudioVersion = 10.0.40219.1
Project("{FAE04EC0-301F-11D3-BF4B-00C04F79EFBC}") = "mustafaakdeniz20215070013", "mustafaakdeniz20215070013\mustafaakdeniz20215070013.csproj", "{12CF658E-DCF2-4183-AE02-12CFD92F3071}"
EndProject
Global
	GlobalSection(SolutionConfigurationPlatforms) = preSolution
		Debug|Any CPU = Debug|Any CPU
		Release|Any CPU = Release|Any CPU
	EndGlobalSection
	GlobalSection(ProjectConfigurationPlatforms) = postSolution
		{12CF658E-DCF2-4183-AE02-12CFD92F3071}.Debug|Any CPU.ActiveCfg = Debug|Any CPU
		{12CF658E-DCF2-4183-AE02-12CFD92F3071}.Debug|Any CPU.Build.0 = Debug|Any CPU
		{12CF658E-DCF2-4183-AE02-12CFD92F3071}.Release|Any CPU.ActiveCfg = Release|Any CPU
		{12CF658E-DCF2-4183-AE02-12CFD92F3071}.Release|Any CPU.Build.0 = Release|Any CPU
	EndGlobalSection
	GlobalSection(SolutionProperties) = preSolution
		HideSolutionNode = FALSE
	EndGlobalSection
	GlobalSection(ExtensibilityGlobals) = postSolution
		SolutionGuid = {6509C32D-068D-43D2-BD59-C8348DABBA8D}
	EndGlobalSection
EndGlobal
